// !$*UTF8*$!
{
	archiveVersion = 1;
	classes = {
	};
	objectVersion = 56;
	objects = {

/* Begin PBXBuildFile section */
		A56A59CE2BAC0CDE0011F300 /* IntroToGesturesApp.swift in Sources */ = {isa = PBXBuildFile; fileRef = A56A59CD2BAC0CDE0011F300 /* IntroToGesturesApp.swift */; };
		A56A59D02BAC0CDE0011F300 /* ContentView.swift in Sources */ = {isa = PBXBuildFile; fileRef = A56A59CF2BAC0CDE0011F300 /* ContentView.swift */; };
		A56A59D22BAC0CE00011F300 /* Assets.xcassets in Resources */ = {isa = PBXBuildFile; fileRef = A56A59D12BAC0CE00011F300 /* Assets.xcassets */; };
		A56A59D52BAC0CE00011F300 /* Preview Assets.xcassets in Resources */ = {isa = PBXBuildFile; fileRef = A56A59D42BAC0CE00011F300 /* Preview Assets.xcassets */; };
		A56A59DC2BAC0F110011F300 /* AnimationOffSetView.swift in Sources */ = {isa = PBXBuildFile; fileRef = A56A59DB2BAC0F110011F300 /* AnimationOffSetView.swift */; };
		A5CAD2742BAD3CE900C18CB1 /* ShowHideTransition.swift in Sources */ = {isa = PBXBuildFile; fileRef = A5CAD2732BAD3CE900C18CB1 /* ShowHideTransition.swift */; };
		A5CAD2762BAD3E7E00C18CB1 /* CustomViewModifierTransition.swift in Sources */ = {isa = PBXBuildFile; fileRef = A5CAD2752BAD3E7E00C18CB1 /* CustomViewModifierTransition.swift */; };
/* End PBXBuildFile section */

/* Begin PBXFileReference section */
		A56A59CA2BAC0CDE0011F300 /* IntroToGestures.app */ = {isa = PBXFileReference; explicitFileType = wrapper.application; includeInIndex = 0; path = IntroToGestures.app; sourceTree = BUILT_PRODUCTS_DIR; };
		A56A59CD2BAC0CDE0011F300 /* IntroToGesturesApp.swift */ = {isa = PBXFileReference; lastKnownFileType = sourcecode.swift; path = IntroToGesturesApp.swift; sourceTree = "<group>"; };
		A56A59CF2BAC0CDE0011F300 /* ContentView.swift */ = {isa = PBXFileReference; lastKnownFileType = sourcecode.swift; path = ContentView.swift; sourceTree = "<group>"; };
		A56A59D12BAC0CE00011F300 /* Assets.xcassets */ = {isa = PBXFileReference; lastKnownFileType = folder.assetcatalog; path = Assets.xcassets; sourceTree = "<group>"; };
		A56A59D42BAC0CE00011F300 /* Preview Assets.xcassets */ = {isa = PBXFileReference; lastKnownFileType = folder.assetcatalog; path = "Preview Assets.xcassets"; sourceTree = "<group>"; };
		A56A59DB2BAC0F110011F300 /* AnimationOffSetView.swift */ = {isa = PBXFileReference; lastKnownFileType = sourcecode.swift; path = AnimationOffSetView.swift; sourceTree = "<group>"; };
		A5CAD2732BAD3CE900C18CB1 /* ShowHideTransition.swift */ = {isa = PBXFileReference; lastKnownFileType = sourcecode.swift; path = ShowHideTransition.swift; sourceTree = "<group>"; };
		A5CAD2752BAD3E7E00C18CB1 /* CustomViewModifierTransition.swift */ = {isa = PBXFileReference; lastKnownFileType = sourcecode.swift; path = CustomViewModifierTransition.swift; sourceTree = "<group>"; };
/* End PBXFileReference section */

/* Begin PBXFrameworksBuildPhase section */
		A56A59C72BAC0CDE0011F300 /* Frameworks */ = {
			isa = PBXFrameworksBuildPhase;
			buildActionMask = 2147483647;
			files = (
			);
			runOnlyForDeploymentPostprocessing = 0;
		};
/* End PBXFrameworksBuildPhase section */

/* Begin PBXGroup section */
		A56A59C12BAC0CDE0011F300 = {
			isa = PBXGroup;
			children = (
				A56A59CC2BAC0CDE0011F300 /* IntroToGestures */,
				A56A59CB2BAC0CDE0011F300 /* Products */,
			);
			sourceTree = "<group>";
		};
		A56A59CB2BAC0CDE0011F300 /* Products */ = {
			isa = PBXGroup;
			children = (
				A56A59CA2BAC0CDE0011F300 /* IntroToGestures.app */,
			);
			name = Products;
			sourceTree = "<group>";
		};
		A56A59CC2BAC0CDE0011F300 /* IntroToGestures */ = {
			isa = PBXGroup;
			children = (
				A56A59CD2BAC0CDE0011F300 /* IntroToGesturesApp.swift */,
				A56A59CF2BAC0CDE0011F300 /* ContentView.swift */,
				A56A59DB2BAC0F110011F300 /* AnimationOffSetView.swift */,
				A5CAD2732BAD3CE900C18CB1 /* ShowHideTransition.swift */,
				A5CAD2752BAD3E7E00C18CB1 /* CustomViewModifierTransition.swift */,
				A56A59D12BAC0CE00011F300 /* Assets.xcassets */,
				A56A59D32BAC0CE00011F300 /* Preview Content */,
			);
			path = IntroToGestures;
			sourceTree = "<group>";
		};
		A56A59D32BAC0CE00011F300 /* Preview Content */ = {
			isa = PBXGroup;
			children = (
				A56A59D42BAC0CE00011F300 /* Preview Assets.xcassets */,
			);
			path = "Preview Content";
			sourceTree = "<group>";
		};
/* End PBXGroup section */

/* Begin PBXNativeTarget section */
		A56A59C92BAC0CDE0011F300 /* IntroToGestures */ = {
			isa = PBXNativeTarget;
			buildConfigurationList = A56A59D82BAC0CE00011F300 /* Build configuration list for PBXNativeTarget "IntroToGestures" */;
			buildPhases = (
				A56A59C62BAC0CDE0011F300 /* Sources */,
				A56A59C72BAC0CDE0011F300 /* Frameworks */,
				A56A59C82BAC0CDE0011F300 /* Resources */,
			);
			buildRules = (
			);
			dependencies = (
			);
			name = IntroToGestures;
			productName = IntroToGestures;
			productReference = A56A59CA2BAC0CDE0011F300 /* IntroToGestures.app */;
			productType = "com.apple.product-type.application";
		};
/* End PBXNativeTarget section */

/* Begin PBXProject section */
		A56A59C22BAC0CDE0011F300 /* Project object */ = {
			isa = PBXProject;
			attributes = {
				BuildIndependentTargetsInParallel = 1;
				LastSwiftUpdateCheck = 1530;
				LastUpgradeCheck = 1530;
				TargetAttributes = {
					A56A59C92BAC0CDE0011F300 = {
						CreatedOnToolsVersion = 15.3;
					};
				};
			};
			buildConfigurationList = A56A59C52BAC0CDE0011F300 /* Build configuration list for PBXProject "IntroToGestures" */;
			compatibilityVersion = "Xcode 14.0";
			developmentRegion = en;
			hasScannedForEncodings = 0;
			knownRegions = (
				en,
				Base,
			);
			mainGroup = A56A59C12BAC0CDE0011F300;
			productRefGroup = A56A59CB2BAC0CDE0011F300 /* Products */;
			projectDirPath = "";
			projectRoot = "";
			targets = (
				A56A59C92BAC0CDE0011F300 /* IntroToGestures */,
			);
		};
/* End PBXProject section */

/* Begin PBXResourcesBuildPhase section */
		A56A59C82BAC0CDE0011F300 /* Resources */ = {
			isa = PBXResourcesBuildPhase;
			buildActionMask = 2147483647;
			files = (
				A56A59D52BAC0CE00011F300 /* Preview Assets.xcassets in Resources */,
				A56A59D22BAC0CE00011F300 /* Assets.xcassets in Resources */,
			);
			runOnlyForDeploymentPostprocessing = 0;
		};
/* End PBXResourcesBuildPhase section */

/* Begin PBXSourcesBuildPhase section */
		A56A59C62BAC0CDE0011F300 /* Sources */ = {
			isa = PBXSourcesBuildPhase;
			buildActionMask = 2147483647;
			files = (
				A5CAD2762BAD3E7E00C18CB1 /* CustomViewModifierTransition.swift in Sources */,
				A56A59D02BAC0CDE0011F300 /* ContentView.swift in Sources */,
				A5CAD2742BAD3CE900C18CB1 /* ShowHideTransition.swift in Sources */,
				A56A59CE2BAC0CDE0011F300 /* IntroToGesturesApp.swift in Sources */,
				A56A59DC2BAC0F110011F300 /* AnimationOffSetView.swift in Sources */,
			);
			runOnlyForDeploymentPostprocessing = 0;
		};
/* End PBXSourcesBuildPhase section */

/* Begin XCBuildConfiguration section */
		A56A59D62BAC0CE00011F300 /* Debug */ = {
			isa = XCBuildConfiguration;
			buildSettings = {
				ALWAYS_SEARCH_USER_PATHS = NO;
				ASSETCATALOG_COMPILER_GENERATE_SWIFT_ASSET_SYMBOL_EXTENSIONS = YES;
				CLANG_ANALYZER_NONNULL = YES;
				CLANG_ANALYZER_NUMBER_OBJECT_CONVERSION = YES_AGGRESSIVE;
				CLANG_CXX_LANGUAGE_STANDARD = "gnu++20";
				CLANG_ENABLE_MODULES = YES;
				CLANG_ENABLE_OBJC_ARC = YES;
				CLANG_ENABLE_OBJC_WEAK = YES;
				CLANG_WARN_BLOCK_CAPTURE_AUTORELEASING = YES;
				CLANG_WARN_BOOL_CONVERSION = YES;
				CLANG_WARN_COMMA = YES;
				CLANG_WARN_CONSTANT_CONVERSION = YES;
				CLANG_WARN_DEPRECATED_OBJC_IMPLEMENTATIONS = YES;
				CLANG_WARN_DIRECT_OBJC_ISA_USAGE = YES_ERROR;
				CLANG_WARN_DOCUMENTATION_COMMENTS = YES;
				CLANG_WARN_EMPTY_BODY = YES;
				CLANG_WARN_ENUM_CONVERSION = YES;
				CLANG_WARN_INFINITE_RECURSION = YES;
				CLANG_WARN_INT_CONVERSION = YES;
				CLANG_WARN_NON_LITERAL_NULL_CONVERSION = YES;
				CLANG_WARN_OBJC_IMPLICIT_RETAIN_SELF = YES;
				CLANG_WARN_OBJC_LITERAL_CONVERSION = YES;
				CLANG_WARN_OBJC_ROOT_CLASS = YES_ERROR;
				CLANG_WARN_QUOTED_INCLUDE_IN_FRAMEWORK_HEADER = YES;
				CLANG_WARN_RANGE_LOOP_ANALYSIS = YES;
				CLANG_WARN_STRICT_PROTOTYPES = YES;
				CLANG_WARN_SUSPICIOUS_MOVE = YES;
				CLANG_WARN_UNGUARDED_AVAILABILITY = YES_AGGRESSIVE;
				CLANG_WARN_UNREACHABLE_CODE = YES;
				CLANG_WARN__DUPLICATE_METHOD_MATCH = YES;
				COPY_PHASE_STRIP = NO;
				DEBUG_INFORMATION_FORMAT = dwarf;
				ENABLE_STRICT_OBJC_MSGSEND = YES;
				ENABLE_TESTABILITY = YES;
				ENABLE_USER_SCRIPT_SANDBOXING = YES;
				GCC_C_LANGUAGE_STANDARD = gnu17;
				GCC_DYNAMIC_NO_PIC = NO;
				GCC_NO_COMMON_BLOCKS = YES;
				GCC_OPTIMIZATION_LEVEL = 0;
				GCC_PREPROCESSOR_DEFINITIONS = (
					"DEBUG=1",
					"$(inherited)",
				);
				GCC_WARN_64_TO_32_BIT_CONVERSION = YES;
				GCC_WARN_ABOUT_RETURN_TYPE = YES_ERROR;
				GCC_WARN_UNDECLARED_SELECTOR = YES;
				GCC_WARN_UNINITIALIZED_AUTOS = YES_AGGRESSIVE;
				GCC_WARN_UNUSED_FUNCTION = YES;
				GCC_WARN_UNUSED_VARIABLE = YES;
				IPHONEOS_DEPLOYMENT_TARGET = 17.4;
				LOCALIZATION_PREFERS_STRING_CATALOGS = YES;
				MTL_ENABLE_DEBUG_INFO = INCLUDE_SOURCE;
				MTL_FAST_MATH = YES;
				ONLY_ACTIVE_ARCH = YES;
				SDKROOT = iphoneos;
				SWIFT_ACTIVE_COMPILATION_CONDITIONS = "DEBUG $(inherited)";
				SWIFT_OPTIMIZATION_LEVEL = "-Onone";
			};
			name = Debug;
		};
		A56A59D72BAC0CE00011F300 /* Release */ = {
			isa = XCBuildConfiguration;
			buildSettings = {
				ALWAYS_SEARCH_USER_PATHS = NO;
				ASSETCATALOG_COMPILER_GENERATE_SWIFT_ASSET_SYMBOL_EXTENSIONS = YES;
				CLANG_ANALYZER_NONNULL = YES;
				CLANG_ANALYZER_NUMBER_OBJECT_CONVERSION = YES_AGGRESSIVE;
				CLANG_CXX_LANGUAGE_STANDARD = "gnu++20";
				CLANG_ENABLE_MODULES = YES;
				CLANG_ENABLE_OBJC_ARC = YES;
				CLANG_ENABLE_OBJC_WEAK = YES;
				CLANG_WARN_BLOCK_CAPTURE_AUTORELEASING = YES;
				CLANG_WARN_BOOL_CONVERSION = YES;
				CLANG_WARN_COMMA = YES;
				CLANG_WARN_CONSTANT_CONVERSION = YES;
				CLANG_WARN_DEPRECATED_OBJC_IMPLEMENTATIONS = YES;
				CLANG_WARN_DIRECT_OBJC_ISA_USAGE = YES_ERROR;
				CLANG_WARN_DOCUMENTATION_COMMENTS = YES;
				CLANG_WARN_EMPTY_BODY = YES;
				CLANG_WARN_ENUM_CONVERSION = YES;
				CLANG_WARN_INFINITE_RECURSION = YES;
				CLANG_WARN_INT_CONVERSION = YES;
				CLANG_WARN_NON_LITERAL_NULL_CONVERSION = YES;
				CLANG_WARN_OBJC_IMPLICIT_RETAIN_SELF = YES;
				CLANG_WARN_OBJC_LITERAL_CONVERSION = YES;
				CLANG_WARN_OBJC_ROOT_CLASS = YES_ERROR;
				CLANG_WARN_QUOTED_INCLUDE_IN_FRAMEWORK_HEADER = YES;
				CLANG_WARN_RANGE_LOOP_ANALYSIS = YES;
				CLANG_WARN_STRICT_PROTOTYPES = YES;
				CLANG_WARN_SUSPICIOUS_MOVE = YES;
				CLANG_WARN_UNGUARDED_AVAILABILITY = YES_AGGRESSIVE;
				CLANG_WARN_UNREACHABLE_CODE = YES;
				CLANG_WARN__DUPLICATE_METHOD_MATCH = YES;
				COPY_PHASE_STRIP = NO;
				DEBUG_INFORMATION_FORMAT = "dwarf-with-dsym";
				ENABLE_NS_ASSERTIONS = NO;
				ENABLE_STRICT_OBJC_MSGSEND = YES;
				ENABLE_USER_SCRIPT_SANDBOXING = YES;
				GCC_C_LANGUAGE_STANDARD = gnu17;
				GCC_NO_COMMON_BLOCKS = YES;
				GCC_WARN_64_TO_32_BIT_CONVERSION = YES;
				GCC_WARN_ABOUT_RETURN_TYPE = YES_ERROR;
				GCC_WARN_UNDECLARED_SELECTOR = YES;
				GCC_WARN_UNINITIALIZED_AUTOS = YES_AGGRESSIVE;
				GCC_WARN_UNUSED_FUNCTION = YES;
				GCC_WARN_UNUSED_VARIABLE = YES;
				IPHONEOS_DEPLOYMENT_TARGET = 17.4;
				LOCALIZATION_PREFERS_STRING_CATALOGS = YES;
				MTL_ENABLE_DEBUG_INFO = NO;
				MTL_FAST_MATH = YES;
				SDKROOT = iphoneos;
				SWIFT_COMPILATION_MODE = wholemodule;
				VALIDATE_PRODUCT = YES;
			};
			name = Release;
		};
		A56A59D92BAC0CE00011F300 /* Debug */ = {
			isa = XCBuildConfiguration;
			buildSettings = {
				ASSETCATALOG_COMPILER_APPICON_NAME = AppIcon;
				ASSETCATALOG_COMPILER_GLOBAL_ACCENT_COLOR_NAME = AccentColor;
				CODE_SIGN_STYLE = Automatic;
				CURRENT_PROJECT_VERSION = 1;
				DEVELOPMENT_ASSET_PATHS = "\"IntroToGestures/Preview Content\"";
				DEVELOPMENT_TEAM = LMM66LU4TM;
				ENABLE_PREVIEWS = YES;
				GENERATE_INFOPLIST_FILE = YES;
				INFOPLIST_KEY_UIApplicationSceneManifest_Generation = YES;
				INFOPLIST_KEY_UIApplicationSupportsIndirectInputEvents = YES;
				INFOPLIST_KEY_UILaunchScreen_Generation = YES;
				INFOPLIST_KEY_UISupportedInterfaceOrientations_iPad = "UIInterfaceOrientationPortrait UIInterfaceOrientationPortraitUpsideDown UIInterfaceOrientationLandscapeLeft UIInterfaceOrientationLandscapeRight";
				INFOPLIST_KEY_UISupportedInterfaceOrientations_iPhone = "UIInterfaceOrientationPortrait UIInterfaceOrientationLandscapeLeft UIInterfaceOrientationLandscapeRight";
				LD_RUNPATH_SEARCH_PATHS = (
					"$(inherited)",
					"@executable_path/Frameworks",
				);
				MARKETING_VERSION = 1.0;
				PRODUCT_BUNDLE_IDENTIFIER = davidnhuang.IntroToGestures;
				PRODUCT_NAME = "$(TARGET_NAME)";
				SWIFT_EMIT_LOC_STRINGS = YES;
				SWIFT_VERSION = 5.0;
				TARGETED_DEVICE_FAMILY = "1,2";
			};
			name = Debug;
		};
		A56A59DA2BAC0CE00011F300 /* Release */ = {
			isa = XCBuildConfiguration;
			buildSettings = {
				ASSETCATALOG_COMPILER_APPICON_NAME = AppIcon;
				ASSETCATALOG_COMPILER_GLOBAL_ACCENT_COLOR_NAME = AccentColor;
				CODE_SIGN_STYLE = Automatic;
				CURRENT_PROJECT_VERSION = 1;
				DEVELOPMENT_ASSET_PATHS = "\"IntroToGestures/Preview Content\"";
				DEVELOPMENT_TEAM = LMM66LU4TM;
				ENABLE_PREVIEWS = YES;
				GENERATE_INFOPLIST_FILE = YES;
				INFOPLIST_KEY_UIApplicationSceneManifest_Generation = YES;
				INFOPLIST_KEY_UIApplicationSupportsIndirectInputEvents = YES;
				INFOPLIST_KEY_UILaunchScreen_Generation = YES;
				INFOPLIST_KEY_UISupportedInterfaceOrientations_iPad = "UIInterfaceOrientationPortrait UIInterfaceOrientationPortraitUpsideDown UIInterfaceOrientationLandscapeLeft UIInterfaceOrientationLandscapeRight";
				INFOPLIST_KEY_UISupportedInterfaceOrientations_iPhone = "UIInterfaceOrientationPortrait UIInterfaceOrientationLandscapeLeft UIInterfaceOrientationLandscapeRight";
				LD_RUNPATH_SEARCH_PATHS = (
					"$(inherited)",
					"@executable_path/Frameworks",
				);
				MARKETING_VERSION = 1.0;
				PRODUCT_BUNDLE_IDENTIFIER = davidnhuang.IntroToGestures;
				PRODUCT_NAME = "$(TARGET_NAME)";
				SWIFT_EMIT_LOC_STRINGS = YES;
				SWIFT_VERSION = 5.0;
				TARGETED_DEVICE_FAMILY = "1,2";
			};
			name = Release;
		};
/* End XCBuildConfiguration section */

/* Begin XCConfigurationList section */
		A56A59C52BAC0CDE0011F300 /* Build configuration list for PBXProject "IntroToGestures" */ = {
			isa = XCConfigurationList;
			buildConfigurations = (
				A56A59D62BAC0CE00011F300 /* Debug */,
				A56A59D72BAC0CE00011F300 /* Release */,
			);
			defaultConfigurationIsVisible = 0;
			defaultConfigurationName = Release;
		};
		A56A59D82BAC0CE00011F300 /* Build configuration list for PBXNativeTarget "IntroToGestures" */ = {
			isa = XCConfigurationList;
			buildConfigurations = (
				A56A59D92BAC0CE00011F300 /* Debug */,
				A56A59DA2BAC0CE00011F300 /* Release */,
			);
			defaultConfigurationIsVisible = 0;
			defaultConfigurationName = Release;
		};
/* End XCConfigurationList section */
	};
	rootObject = A56A59C22BAC0CDE0011F300 /* Project object */;
}
