// !$*UTF8*$!
{
	archiveVersion = 1;
	classes = {
	};
	objectVersion = 56;
	objects = {

/* Begin PBXBuildFile section */
		A5AF86612B829B9F005E3A0B /* WeSplitApp.swift in Sources */ = {isa = PBXBuildFile; fileRef = A5AF86602B829B9F005E3A0B /* WeSplitApp.swift */; };
		A5AF86632B829B9F005E3A0B /* ContentView.swift in Sources */ = {isa = PBXBuildFile; fileRef = A5AF86622B829B9F005E3A0B /* ContentView.swift */; };
		A5AF86652B829BA1005E3A0B /* Assets.xcassets in Resources */ = {isa = PBXBuildFile; fileRef = A5AF86642B829BA1005E3A0B /* Assets.xcassets */; };
		A5AF86682B829BA1005E3A0B /* Preview Assets.xcassets in Resources */ = {isa = PBXBuildFile; fileRef = A5AF86672B829BA1005E3A0B /* Preview Assets.xcassets */; };
		A5AF86722B829BA1005E3A0B /* WeSplitTests.swift in Sources */ = {isa = PBXBuildFile; fileRef = A5AF86712B829BA1005E3A0B /* WeSplitTests.swift */; };
		A5AF867C2B829BA1005E3A0B /* WeSplitUITests.swift in Sources */ = {isa = PBXBuildFile; fileRef = A5AF867B2B829BA1005E3A0B /* WeSplitUITests.swift */; };
		A5AF867E2B829BA1005E3A0B /* WeSplitUITestsLaunchTests.swift in Sources */ = {isa = PBXBuildFile; fileRef = A5AF867D2B829BA1005E3A0B /* WeSplitUITestsLaunchTests.swift */; };
/* End PBXBuildFile section */

/* Begin PBXContainerItemProxy section */
		A5AF866E2B829BA1005E3A0B /* PBXContainerItemProxy */ = {
			isa = PBXContainerItemProxy;
			containerPortal = A5AF86552B829B9F005E3A0B /* Project object */;
			proxyType = 1;
			remoteGlobalIDString = A5AF865C2B829B9F005E3A0B;
			remoteInfo = WeSplit;
		};
		A5AF86782B829BA1005E3A0B /* PBXContainerItemProxy */ = {
			isa = PBXContainerItemProxy;
			containerPortal = A5AF86552B829B9F005E3A0B /* Project object */;
			proxyType = 1;
			remoteGlobalIDString = A5AF865C2B829B9F005E3A0B;
			remoteInfo = WeSplit;
		};
/* End PBXContainerItemProxy section */

/* Begin PBXFileReference section */
		A5AF865D2B829B9F005E3A0B /* IntroToSwiftUI.app */ = {isa = PBXFileReference; explicitFileType = wrapper.application; includeInIndex = 0; path = IntroToSwiftUI.app; sourceTree = BUILT_PRODUCTS_DIR; };
		A5AF86602B829B9F005E3A0B /* WeSplitApp.swift */ = {isa = PBXFileReference; lastKnownFileType = sourcecode.swift; path = WeSplitApp.swift; sourceTree = "<group>"; };
		A5AF86622B829B9F005E3A0B /* ContentView.swift */ = {isa = PBXFileReference; lastKnownFileType = sourcecode.swift; path = ContentView.swift; sourceTree = "<group>"; };
		A5AF86642B829BA1005E3A0B /* Assets.xcassets */ = {isa = PBXFileReference; lastKnownFileType = folder.assetcatalog; path = Assets.xcassets; sourceTree = "<group>"; };
		A5AF86672B829BA1005E3A0B /* Preview Assets.xcassets */ = {isa = PBXFileReference; lastKnownFileType = folder.assetcatalog; path = "Preview Assets.xcassets"; sourceTree = "<group>"; };
		A5AF866D2B829BA1005E3A0B /* IntroToSwiftUITests.xctest */ = {isa = PBXFileReference; explicitFileType = wrapper.cfbundle; includeInIndex = 0; path = IntroToSwiftUITests.xctest; sourceTree = BUILT_PRODUCTS_DIR; };
		A5AF86712B829BA1005E3A0B /* WeSplitTests.swift */ = {isa = PBXFileReference; lastKnownFileType = sourcecode.swift; path = WeSplitTests.swift; sourceTree = "<group>"; };
		A5AF86772B829BA1005E3A0B /* IntroToSwiftUIUITests.xctest */ = {isa = PBXFileReference; explicitFileType = wrapper.cfbundle; includeInIndex = 0; path = IntroToSwiftUIUITests.xctest; sourceTree = BUILT_PRODUCTS_DIR; };
		A5AF867B2B829BA1005E3A0B /* WeSplitUITests.swift */ = {isa = PBXFileReference; lastKnownFileType = sourcecode.swift; path = WeSplitUITests.swift; sourceTree = "<group>"; };
		A5AF867D2B829BA1005E3A0B /* WeSplitUITestsLaunchTests.swift */ = {isa = PBXFileReference; lastKnownFileType = sourcecode.swift; path = WeSplitUITestsLaunchTests.swift; sourceTree = "<group>"; };
/* End PBXFileReference section */

/* Begin PBXFrameworksBuildPhase section */
		A5AF865A2B829B9F005E3A0B /* Frameworks */ = {
			isa = PBXFrameworksBuildPhase;
			buildActionMask = 2147483647;
			files = (
			);
			runOnlyForDeploymentPostprocessing = 0;
		};
		A5AF866A2B829BA1005E3A0B /* Frameworks */ = {
			isa = PBXFrameworksBuildPhase;
			buildActionMask = 2147483647;
			files = (
			);
			runOnlyForDeploymentPostprocessing = 0;
		};
		A5AF86742B829BA1005E3A0B /* Frameworks */ = {
			isa = PBXFrameworksBuildPhase;
			buildActionMask = 2147483647;
			files = (
			);
			runOnlyForDeploymentPostprocessing = 0;
		};
/* End PBXFrameworksBuildPhase section */

/* Begin PBXGroup section */
		A5AF86542B829B9F005E3A0B = {
			isa = PBXGroup;
			children = (
				A5AF865F2B829B9F005E3A0B /* WeSplit */,
				A5AF86702B829BA1005E3A0B /* WeSplitTests */,
				A5AF867A2B829BA1005E3A0B /* WeSplitUITests */,
				A5AF865E2B829B9F005E3A0B /* Products */,
			);
			sourceTree = "<group>";
		};
		A5AF865E2B829B9F005E3A0B /* Products */ = {
			isa = PBXGroup;
			children = (
				A5AF865D2B829B9F005E3A0B /* IntroToSwiftUI.app */,
				A5AF866D2B829BA1005E3A0B /* IntroToSwiftUITests.xctest */,
				A5AF86772B829BA1005E3A0B /* IntroToSwiftUIUITests.xctest */,
			);
			name = Products;
			sourceTree = "<group>";
		};
		A5AF865F2B829B9F005E3A0B /* WeSplit */ = {
			isa = PBXGroup;
			children = (
				A5AF86602B829B9F005E3A0B /* WeSplitApp.swift */,
				A5AF86622B829B9F005E3A0B /* ContentView.swift */,
				A5AF86642B829BA1005E3A0B /* Assets.xcassets */,
				A5AF86662B829BA1005E3A0B /* Preview Content */,
			);
			path = WeSplit;
			sourceTree = "<group>";
		};
		A5AF86662B829BA1005E3A0B /* Preview Content */ = {
			isa = PBXGroup;
			children = (
				A5AF86672B829BA1005E3A0B /* Preview Assets.xcassets */,
			);
			path = "Preview Content";
			sourceTree = "<group>";
		};
		A5AF86702B829BA1005E3A0B /* WeSplitTests */ = {
			isa = PBXGroup;
			children = (
				A5AF86712B829BA1005E3A0B /* WeSplitTests.swift */,
			);
			path = WeSplitTests;
			sourceTree = "<group>";
		};
		A5AF867A2B829BA1005E3A0B /* WeSplitUITests */ = {
			isa = PBXGroup;
			children = (
				A5AF867B2B829BA1005E3A0B /* WeSplitUITests.swift */,
				A5AF867D2B829BA1005E3A0B /* WeSplitUITestsLaunchTests.swift */,
			);
			path = WeSplitUITests;
			sourceTree = "<group>";
		};
/* End PBXGroup section */

/* Begin PBXNativeTarget section */
		A5AF865C2B829B9F005E3A0B /* IntroToSwiftUI */ = {
			isa = PBXNativeTarget;
			buildConfigurationList = A5AF86812B829BA1005E3A0B /* Build configuration list for PBXNativeTarget "IntroToSwiftUI" */;
			buildPhases = (
				A5AF86592B829B9F005E3A0B /* Sources */,
				A5AF865A2B829B9F005E3A0B /* Frameworks */,
				A5AF865B2B829B9F005E3A0B /* Resources */,
			);
			buildRules = (
			);
			dependencies = (
			);
			name = IntroToSwiftUI;
			productName = WeSplit;
			productReference = A5AF865D2B829B9F005E3A0B /* IntroToSwiftUI.app */;
			productType = "com.apple.product-type.application";
		};
		A5AF866C2B829BA1005E3A0B /* IntroToSwiftUITests */ = {
			isa = PBXNativeTarget;
			buildConfigurationList = A5AF86842B829BA1005E3A0B /* Build configuration list for PBXNativeTarget "IntroToSwiftUITests" */;
			buildPhases = (
				A5AF86692B829BA1005E3A0B /* Sources */,
				A5AF866A2B829BA1005E3A0B /* Frameworks */,
				A5AF866B2B829BA1005E3A0B /* Resources */,
			);
			buildRules = (
			);
			dependencies = (
				A5AF866F2B829BA1005E3A0B /* PBXTargetDependency */,
			);
			name = IntroToSwiftUITests;
			productName = WeSplitTests;
			productReference = A5AF866D2B829BA1005E3A0B /* IntroToSwiftUITests.xctest */;
			productType = "com.apple.product-type.bundle.unit-test";
		};
		A5AF86762B829BA1005E3A0B /* IntroToSwiftUIUITests */ = {
			isa = PBXNativeTarget;
			buildConfigurationList = A5AF86872B829BA1005E3A0B /* Build configuration list for PBXNativeTarget "IntroToSwiftUIUITests" */;
			buildPhases = (
				A5AF86732B829BA1005E3A0B /* Sources */,
				A5AF86742B829BA1005E3A0B /* Frameworks */,
				A5AF86752B829BA1005E3A0B /* Resources */,
			);
			buildRules = (
			);
			dependencies = (
				A5AF86792B829BA1005E3A0B /* PBXTargetDependency */,
			);
			name = IntroToSwiftUIUITests;
			productName = WeSplitUITests;
			productReference = A5AF86772B829BA1005E3A0B /* IntroToSwiftUIUITests.xctest */;
			productType = "com.apple.product-type.bundle.ui-testing";
		};
/* End PBXNativeTarget section */

/* Begin PBXProject section */
		A5AF86552B829B9F005E3A0B /* Project object */ = {
			isa = PBXProject;
			attributes = {
				BuildIndependentTargetsInParallel = 1;
				LastSwiftUpdateCheck = 1520;
				LastUpgradeCheck = 1520;
				TargetAttributes = {
					A5AF865C2B829B9F005E3A0B = {
						CreatedOnToolsVersion = 15.2;
					};
					A5AF866C2B829BA1005E3A0B = {
						CreatedOnToolsVersion = 15.2;
						TestTargetID = A5AF865C2B829B9F005E3A0B;
					};
					A5AF86762B829BA1005E3A0B = {
						CreatedOnToolsVersion = 15.2;
						TestTargetID = A5AF865C2B829B9F005E3A0B;
					};
				};
			};
			buildConfigurationList = A5AF86582B829B9F005E3A0B /* Build configuration list for PBXProject "IntroToSwiftUI" */;
			compatibilityVersion = "Xcode 14.0";
			developmentRegion = en;
			hasScannedForEncodings = 0;
			knownRegions = (
				en,
				Base,
			);
			mainGroup = A5AF86542B829B9F005E3A0B;
			productRefGroup = A5AF865E2B829B9F005E3A0B /* Products */;
			projectDirPath = "";
			projectRoot = "";
			targets = (
				A5AF865C2B829B9F005E3A0B /* IntroToSwiftUI */,
				A5AF866C2B829BA1005E3A0B /* IntroToSwiftUITests */,
				A5AF86762B829BA1005E3A0B /* IntroToSwiftUIUITests */,
			);
		};
/* End PBXProject section */

/* Begin PBXResourcesBuildPhase section */
		A5AF865B2B829B9F005E3A0B /* Resources */ = {
			isa = PBXResourcesBuildPhase;
			buildActionMask = 2147483647;
			files = (
				A5AF86682B829BA1005E3A0B /* Preview Assets.xcassets in Resources */,
				A5AF86652B829BA1005E3A0B /* Assets.xcassets in Resources */,
			);
			runOnlyForDeploymentPostprocessing = 0;
		};
		A5AF866B2B829BA1005E3A0B /* Resources */ = {
			isa = PBXResourcesBuildPhase;
			buildActionMask = 2147483647;
			files = (
			);
			runOnlyForDeploymentPostprocessing = 0;
		};
		A5AF86752B829BA1005E3A0B /* Resources */ = {
			isa = PBXResourcesBuildPhase;
			buildActionMask = 2147483647;
			files = (
			);
			runOnlyForDeploymentPostprocessing = 0;
		};
/* End PBXResourcesBuildPhase section */

/* Begin PBXSourcesBuildPhase section */
		A5AF86592B829B9F005E3A0B /* Sources */ = {
			isa = PBXSourcesBuildPhase;
			buildActionMask = 2147483647;
			files = (
				A5AF86632B829B9F005E3A0B /* ContentView.swift in Sources */,
				A5AF86612B829B9F005E3A0B /* WeSplitApp.swift in Sources */,
			);
			runOnlyForDeploymentPostprocessing = 0;
		};
		A5AF86692B829BA1005E3A0B /* Sources */ = {
			isa = PBXSourcesBuildPhase;
			buildActionMask = 2147483647;
			files = (
				A5AF86722B829BA1005E3A0B /* WeSplitTests.swift in Sources */,
			);
			runOnlyForDeploymentPostprocessing = 0;
		};
		A5AF86732B829BA1005E3A0B /* Sources */ = {
			isa = PBXSourcesBuildPhase;
			buildActionMask = 2147483647;
			files = (
				A5AF867C2B829BA1005E3A0B /* WeSplitUITests.swift in Sources */,
				A5AF867E2B829BA1005E3A0B /* WeSplitUITestsLaunchTests.swift in Sources */,
			);
			runOnlyForDeploymentPostprocessing = 0;
		};
/* End PBXSourcesBuildPhase section */

/* Begin PBXTargetDependency section */
		A5AF866F2B829BA1005E3A0B /* PBXTargetDependency */ = {
			isa = PBXTargetDependency;
			target = A5AF865C2B829B9F005E3A0B /* IntroToSwiftUI */;
			targetProxy = A5AF866E2B829BA1005E3A0B /* PBXContainerItemProxy */;
		};
		A5AF86792B829BA1005E3A0B /* PBXTargetDependency */ = {
			isa = PBXTargetDependency;
			target = A5AF865C2B829B9F005E3A0B /* IntroToSwiftUI */;
			targetProxy = A5AF86782B829BA1005E3A0B /* PBXContainerItemProxy */;
		};
/* End PBXTargetDependency section */

/* Begin XCBuildConfiguration section */
		A5AF867F2B829BA1005E3A0B /* Debug */ = {
			isa = XCBuildConfiguration;
			buildSettings = {
				ALWAYS_SEARCH_USER_PATHS = NO;
				ASSETCATALOG_COMPILER_GENERATE_SWIFT_ASSET_SYMBOL_EXTENSIONS = YES;
				CLANG_ANALYZER_NONNULL = YES;
				CLANG_ANALYZER_NUMBER_OBJECT_CONVERSION = YES_AGGRESSIVE;
				CLANG_CXX_LANGUAGE_STANDARD = "gnu++20";
				CLANG_ENABLE_MODULES = YES;
				CLANG_ENABLE_OBJC_ARC = YES;
				CLANG_ENABLE_OBJC_WEAK = YES;
				CLANG_WARN_BLOCK_CAPTURE_AUTORELEASING = YES;
				CLANG_WARN_BOOL_CONVERSION = YES;
				CLANG_WARN_COMMA = YES;
				CLANG_WARN_CONSTANT_CONVERSION = YES;
				CLANG_WARN_DEPRECATED_OBJC_IMPLEMENTATIONS = YES;
				CLANG_WARN_DIRECT_OBJC_ISA_USAGE = YES_ERROR;
				CLANG_WARN_DOCUMENTATION_COMMENTS = YES;
				CLANG_WARN_EMPTY_BODY = YES;
				CLANG_WARN_ENUM_CONVERSION = YES;
				CLANG_WARN_INFINITE_RECURSION = YES;
				CLANG_WARN_INT_CONVERSION = YES;
				CLANG_WARN_NON_LITERAL_NULL_CONVERSION = YES;
				CLANG_WARN_OBJC_IMPLICIT_RETAIN_SELF = YES;
				CLANG_WARN_OBJC_LITERAL_CONVERSION = YES;
				CLANG_WARN_OBJC_ROOT_CLASS = YES_ERROR;
				CLANG_WARN_QUOTED_INCLUDE_IN_FRAMEWORK_HEADER = YES;
				CLANG_WARN_RANGE_LOOP_ANALYSIS = YES;
				CLANG_WARN_STRICT_PROTOTYPES = YES;
				CLANG_WARN_SUSPICIOUS_MOVE = YES;
				CLANG_WARN_UNGUARDED_AVAILABILITY = YES_AGGRESSIVE;
				CLANG_WARN_UNREACHABLE_CODE = YES;
				CLANG_WARN__DUPLICATE_METHOD_MATCH = YES;
				COPY_PHASE_STRIP = NO;
				DEBUG_INFORMATION_FORMAT = dwarf;
				ENABLE_STRICT_OBJC_MSGSEND = YES;
				ENABLE_TESTABILITY = YES;
				ENABLE_USER_SCRIPT_SANDBOXING = YES;
				GCC_C_LANGUAGE_STANDARD = gnu17;
				GCC_DYNAMIC_NO_PIC = NO;
				GCC_NO_COMMON_BLOCKS = YES;
				GCC_OPTIMIZATION_LEVEL = 0;
				GCC_PREPROCESSOR_DEFINITIONS = (
					"DEBUG=1",
					"$(inherited)",
				);
				GCC_WARN_64_TO_32_BIT_CONVERSION = YES;
				GCC_WARN_ABOUT_RETURN_TYPE = YES_ERROR;
				GCC_WARN_UNDECLARED_SELECTOR = YES;
				GCC_WARN_UNINITIALIZED_AUTOS = YES_AGGRESSIVE;
				GCC_WARN_UNUSED_FUNCTION = YES;
				GCC_WARN_UNUSED_VARIABLE = YES;
				IPHONEOS_DEPLOYMENT_TARGET = 17.2;
				LOCALIZATION_PREFERS_STRING_CATALOGS = YES;
				MTL_ENABLE_DEBUG_INFO = INCLUDE_SOURCE;
				MTL_FAST_MATH = YES;
				ONLY_ACTIVE_ARCH = YES;
				SDKROOT = iphoneos;
				SWIFT_ACTIVE_COMPILATION_CONDITIONS = "DEBUG $(inherited)";
				SWIFT_OPTIMIZATION_LEVEL = "-Onone";
			};
			name = Debug;
		};
		A5AF86802B829BA1005E3A0B /* Release */ = {
			isa = XCBuildConfiguration;
			buildSettings = {
				ALWAYS_SEARCH_USER_PATHS = NO;
				ASSETCATALOG_COMPILER_GENERATE_SWIFT_ASSET_SYMBOL_EXTENSIONS = YES;
				CLANG_ANALYZER_NONNULL = YES;
				CLANG_ANALYZER_NUMBER_OBJECT_CONVERSION = YES_AGGRESSIVE;
				CLANG_CXX_LANGUAGE_STANDARD = "gnu++20";
				CLANG_ENABLE_MODULES = YES;
				CLANG_ENABLE_OBJC_ARC = YES;
				CLANG_ENABLE_OBJC_WEAK = YES;
				CLANG_WARN_BLOCK_CAPTURE_AUTORELEASING = YES;
				CLANG_WARN_BOOL_CONVERSION = YES;
				CLANG_WARN_COMMA = YES;
				CLANG_WARN_CONSTANT_CONVERSION = YES;
				CLANG_WARN_DEPRECATED_OBJC_IMPLEMENTATIONS = YES;
				CLANG_WARN_DIRECT_OBJC_ISA_USAGE = YES_ERROR;
				CLANG_WARN_DOCUMENTATION_COMMENTS = YES;
				CLANG_WARN_EMPTY_BODY = YES;
				CLANG_WARN_ENUM_CONVERSION = YES;
				CLANG_WARN_INFINITE_RECURSION = YES;
				CLANG_WARN_INT_CONVERSION = YES;
				CLANG_WARN_NON_LITERAL_NULL_CONVERSION = YES;
				CLANG_WARN_OBJC_IMPLICIT_RETAIN_SELF = YES;
				CLANG_WARN_OBJC_LITERAL_CONVERSION = YES;
				CLANG_WARN_OBJC_ROOT_CLASS = YES_ERROR;
				CLANG_WARN_QUOTED_INCLUDE_IN_FRAMEWORK_HEADER = YES;
				CLANG_WARN_RANGE_LOOP_ANALYSIS = YES;
				CLANG_WARN_STRICT_PROTOTYPES = YES;
				CLANG_WARN_SUSPICIOUS_MOVE = YES;
				CLANG_WARN_UNGUARDED_AVAILABILITY = YES_AGGRESSIVE;
				CLANG_WARN_UNREACHABLE_CODE = YES;
				CLANG_WARN__DUPLICATE_METHOD_MATCH = YES;
				COPY_PHASE_STRIP = NO;
				DEBUG_INFORMATION_FORMAT = "dwarf-with-dsym";
				ENABLE_NS_ASSERTIONS = NO;
				ENABLE_STRICT_OBJC_MSGSEND = YES;
				ENABLE_USER_SCRIPT_SANDBOXING = YES;
				GCC_C_LANGUAGE_STANDARD = gnu17;
				GCC_NO_COMMON_BLOCKS = YES;
				GCC_WARN_64_TO_32_BIT_CONVERSION = YES;
				GCC_WARN_ABOUT_RETURN_TYPE = YES_ERROR;
				GCC_WARN_UNDECLARED_SELECTOR = YES;
				GCC_WARN_UNINITIALIZED_AUTOS = YES_AGGRESSIVE;
				GCC_WARN_UNUSED_FUNCTION = YES;
				GCC_WARN_UNUSED_VARIABLE = YES;
				IPHONEOS_DEPLOYMENT_TARGET = 17.2;
				LOCALIZATION_PREFERS_STRING_CATALOGS = YES;
				MTL_ENABLE_DEBUG_INFO = NO;
				MTL_FAST_MATH = YES;
				SDKROOT = iphoneos;
				SWIFT_COMPILATION_MODE = wholemodule;
				VALIDATE_PRODUCT = YES;
			};
			name = Release;
		};
		A5AF86822B829BA1005E3A0B /* Debug */ = {
			isa = XCBuildConfiguration;
			buildSettings = {
				ASSETCATALOG_COMPILER_APPICON_NAME = AppIcon;
				ASSETCATALOG_COMPILER_GLOBAL_ACCENT_COLOR_NAME = AccentColor;
				CODE_SIGN_STYLE = Automatic;
				CURRENT_PROJECT_VERSION = 1;
				DEVELOPMENT_ASSET_PATHS = "\"WeSplit/Preview Content\"";
				ENABLE_PREVIEWS = YES;
				GENERATE_INFOPLIST_FILE = YES;
				INFOPLIST_KEY_UIApplicationSceneManifest_Generation = YES;
				INFOPLIST_KEY_UIApplicationSupportsIndirectInputEvents = YES;
				INFOPLIST_KEY_UILaunchScreen_Generation = YES;
				INFOPLIST_KEY_UISupportedInterfaceOrientations_iPad = "UIInterfaceOrientationPortrait UIInterfaceOrientationPortraitUpsideDown UIInterfaceOrientationLandscapeLeft UIInterfaceOrientationLandscapeRight";
				INFOPLIST_KEY_UISupportedInterfaceOrientations_iPhone = "UIInterfaceOrientationPortrait UIInterfaceOrientationLandscapeLeft UIInterfaceOrientationLandscapeRight";
				LD_RUNPATH_SEARCH_PATHS = (
					"$(inherited)",
					"@executable_path/Frameworks",
				);
				MARKETING_VERSION = 1.0;
				PRODUCT_BUNDLE_IDENTIFIER = davidnhuang.WeSplit;
				PRODUCT_NAME = "$(TARGET_NAME)";
				SWIFT_EMIT_LOC_STRINGS = YES;
				SWIFT_VERSION = 5.0;
				TARGETED_DEVICE_FAMILY = "1,2";
			};
			name = Debug;
		};
		A5AF86832B829BA1005E3A0B /* Release */ = {
			isa = XCBuildConfiguration;
			buildSettings = {
				ASSETCATALOG_COMPILER_APPICON_NAME = AppIcon;
				ASSETCATALOG_COMPILER_GLOBAL_ACCENT_COLOR_NAME = AccentColor;
				CODE_SIGN_STYLE = Automatic;
				CURRENT_PROJECT_VERSION = 1;
				DEVELOPMENT_ASSET_PATHS = "\"WeSplit/Preview Content\"";
				ENABLE_PREVIEWS = YES;
				GENERATE_INFOPLIST_FILE = YES;
				INFOPLIST_KEY_UIApplicationSceneManifest_Generation = YES;
				INFOPLIST_KEY_UIApplicationSupportsIndirectInputEvents = YES;
				INFOPLIST_KEY_UILaunchScreen_Generation = YES;
				INFOPLIST_KEY_UISupportedInterfaceOrientations_iPad = "UIInterfaceOrientationPortrait UIInterfaceOrientationPortraitUpsideDown UIInterfaceOrientationLandscapeLeft UIInterfaceOrientationLandscapeRight";
				INFOPLIST_KEY_UISupportedInterfaceOrientations_iPhone = "UIInterfaceOrientationPortrait UIInterfaceOrientationLandscapeLeft UIInterfaceOrientationLandscapeRight";
				LD_RUNPATH_SEARCH_PATHS = (
					"$(inherited)",
					"@executable_path/Frameworks",
				);
				MARKETING_VERSION = 1.0;
				PRODUCT_BUNDLE_IDENTIFIER = davidnhuang.WeSplit;
				PRODUCT_NAME = "$(TARGET_NAME)";
				SWIFT_EMIT_LOC_STRINGS = YES;
				SWIFT_VERSION = 5.0;
				TARGETED_DEVICE_FAMILY = "1,2";
			};
			name = Release;
		};
		A5AF86852B829BA1005E3A0B /* Debug */ = {
			isa = XCBuildConfiguration;
			buildSettings = {
				ALWAYS_EMBED_SWIFT_STANDARD_LIBRARIES = YES;
				BUNDLE_LOADER = "$(TEST_HOST)";
				CODE_SIGN_STYLE = Automatic;
				CURRENT_PROJECT_VERSION = 1;
				GENERATE_INFOPLIST_FILE = YES;
				IPHONEOS_DEPLOYMENT_TARGET = 17.2;
				MARKETING_VERSION = 1.0;
				PRODUCT_BUNDLE_IDENTIFIER = davidnhuang.WeSplitTests;
				PRODUCT_NAME = "$(TARGET_NAME)";
				SWIFT_EMIT_LOC_STRINGS = NO;
				SWIFT_VERSION = 5.0;
				TARGETED_DEVICE_FAMILY = "1,2";
				TEST_HOST = "$(BUILT_PRODUCTS_DIR)/IntroToSwiftUI.app/$(BUNDLE_EXECUTABLE_FOLDER_PATH)/IntroToSwiftUI";
			};
			name = Debug;
		};
		A5AF86862B829BA1005E3A0B /* Release */ = {
			isa = XCBuildConfiguration;
			buildSettings = {
				ALWAYS_EMBED_SWIFT_STANDARD_LIBRARIES = YES;
				BUNDLE_LOADER = "$(TEST_HOST)";
				CODE_SIGN_STYLE = Automatic;
				CURRENT_PROJECT_VERSION = 1;
				GENERATE_INFOPLIST_FILE = YES;
				IPHONEOS_DEPLOYMENT_TARGET = 17.2;
				MARKETING_VERSION = 1.0;
				PRODUCT_BUNDLE_IDENTIFIER = davidnhuang.WeSplitTests;
				PRODUCT_NAME = "$(TARGET_NAME)";
				SWIFT_EMIT_LOC_STRINGS = NO;
				SWIFT_VERSION = 5.0;
				TARGETED_DEVICE_FAMILY = "1,2";
				TEST_HOST = "$(BUILT_PRODUCTS_DIR)/IntroToSwiftUI.app/$(BUNDLE_EXECUTABLE_FOLDER_PATH)/IntroToSwiftUI";
			};
			name = Release;
		};
		A5AF86882B829BA1005E3A0B /* Debug */ = {
			isa = XCBuildConfiguration;
			buildSettings = {
				ALWAYS_EMBED_SWIFT_STANDARD_LIBRARIES = YES;
				CODE_SIGN_STYLE = Automatic;
				CURRENT_PROJECT_VERSION = 1;
				GENERATE_INFOPLIST_FILE = YES;
				MARKETING_VERSION = 1.0;
				PRODUCT_BUNDLE_IDENTIFIER = davidnhuang.WeSplitUITests;
				PRODUCT_NAME = "$(TARGET_NAME)";
				SWIFT_EMIT_LOC_STRINGS = NO;
				SWIFT_VERSION = 5.0;
				TARGETED_DEVICE_FAMILY = "1,2";
				TEST_TARGET_NAME = WeSplit;
			};
			name = Debug;
		};
		A5AF86892B829BA1005E3A0B /* Release */ = {
			isa = XCBuildConfiguration;
			buildSettings = {
				ALWAYS_EMBED_SWIFT_STANDARD_LIBRARIES = YES;
				CODE_SIGN_STYLE = Automatic;
				CURRENT_PROJECT_VERSION = 1;
				GENERATE_INFOPLIST_FILE = YES;
				MARKETING_VERSION = 1.0;
				PRODUCT_BUNDLE_IDENTIFIER = davidnhuang.WeSplitUITests;
				PRODUCT_NAME = "$(TARGET_NAME)";
				SWIFT_EMIT_LOC_STRINGS = NO;
				SWIFT_VERSION = 5.0;
				TARGETED_DEVICE_FAMILY = "1,2";
				TEST_TARGET_NAME = WeSplit;
			};
			name = Release;
		};
/* End XCBuildConfiguration section */

/* Begin XCConfigurationList section */
		A5AF86582B829B9F005E3A0B /* Build configuration list for PBXProject "IntroToSwiftUI" */ = {
			isa = XCConfigurationList;
			buildConfigurations = (
				A5AF867F2B829BA1005E3A0B /* Debug */,
				A5AF86802B829BA1005E3A0B /* Release */,
			);
			defaultConfigurationIsVisible = 0;
			defaultConfigurationName = Release;
		};
		A5AF86812B829BA1005E3A0B /* Build configuration list for PBXNativeTarget "IntroToSwiftUI" */ = {
			isa = XCConfigurationList;
			buildConfigurations = (
				A5AF86822B829BA1005E3A0B /* Debug */,
				A5AF86832B829BA1005E3A0B /* Release */,
			);
			defaultConfigurationIsVisible = 0;
			defaultConfigurationName = Release;
		};
		A5AF86842B829BA1005E3A0B /* Build configuration list for PBXNativeTarget "IntroToSwiftUITests" */ = {
			isa = XCConfigurationList;
			buildConfigurations = (
				A5AF86852B829BA1005E3A0B /* Debug */,
				A5AF86862B829BA1005E3A0B /* Release */,
			);
			defaultConfigurationIsVisible = 0;
			defaultConfigurationName = Release;
		};
		A5AF86872B829BA1005E3A0B /* Build configuration list for PBXNativeTarget "IntroToSwiftUIUITests" */ = {
			isa = XCConfigurationList;
			buildConfigurations = (
				A5AF86882B829BA1005E3A0B /* Debug */,
				A5AF86892B829BA1005E3A0B /* Release */,
			);
			defaultConfigurationIsVisible = 0;
			defaultConfigurationName = Release;
		};
/* End XCConfigurationList section */
	};
	rootObject = A5AF86552B829B9F005E3A0B /* Project object */;
}
