// !$*UTF8*$!
{
	archiveVersion = 1;
	classes = {
	};
	objectVersion = 56;
	objects = {

/* Begin PBXBuildFile section */
		A519BC6D2BA76B540045880F /* ExplicitAnimationView.swift in Sources */ = {isa = PBXBuildFile; fileRef = A519BC6C2BA76B540045880F /* ExplicitAnimationView.swift */; };
		A52FD04F2BA96D2C0078E059 /* AnimationStackView.swift in Sources */ = {isa = PBXBuildFile; fileRef = A52FD04E2BA96D2C0078E059 /* AnimationStackView.swift */; };
		A54841532BA63506008BB83A /* IntroToAnimationApp.swift in Sources */ = {isa = PBXBuildFile; fileRef = A54841522BA63506008BB83A /* IntroToAnimationApp.swift */; };
		A54841552BA63506008BB83A /* ContentView.swift in Sources */ = {isa = PBXBuildFile; fileRef = A54841542BA63506008BB83A /* ContentView.swift */; };
		A54841572BA63508008BB83A /* Assets.xcassets in Resources */ = {isa = PBXBuildFile; fileRef = A54841562BA63508008BB83A /* Assets.xcassets */; };
		A548415A2BA63508008BB83A /* Preview Assets.xcassets in Resources */ = {isa = PBXBuildFile; fileRef = A54841592BA63508008BB83A /* Preview Assets.xcassets */; };
		A54841612BA63521008BB83A /* ImplicitAnimationView.swift in Sources */ = {isa = PBXBuildFile; fileRef = A54841602BA63521008BB83A /* ImplicitAnimationView.swift */; };
		A54841632BA63650008BB83A /* CustomAnimationView.swift in Sources */ = {isa = PBXBuildFile; fileRef = A54841622BA63650008BB83A /* CustomAnimationView.swift */; };
		A54841652BA6379F008BB83A /* AnimatingOverlayView.swift in Sources */ = {isa = PBXBuildFile; fileRef = A54841642BA6379F008BB83A /* AnimatingOverlayView.swift */; };
/* End PBXBuildFile section */

/* Begin PBXFileReference section */
		A519BC6C2BA76B540045880F /* ExplicitAnimationView.swift */ = {isa = PBXFileReference; lastKnownFileType = sourcecode.swift; path = ExplicitAnimationView.swift; sourceTree = "<group>"; };
		A52FD04E2BA96D2C0078E059 /* AnimationStackView.swift */ = {isa = PBXFileReference; lastKnownFileType = sourcecode.swift; path = AnimationStackView.swift; sourceTree = "<group>"; };
		A548414F2BA63506008BB83A /* IntroToAnimation.app */ = {isa = PBXFileReference; explicitFileType = wrapper.application; includeInIndex = 0; path = IntroToAnimation.app; sourceTree = BUILT_PRODUCTS_DIR; };
		A54841522BA63506008BB83A /* IntroToAnimationApp.swift */ = {isa = PBXFileReference; lastKnownFileType = sourcecode.swift; path = IntroToAnimationApp.swift; sourceTree = "<group>"; };
		A54841542BA63506008BB83A /* ContentView.swift */ = {isa = PBXFileReference; lastKnownFileType = sourcecode.swift; path = ContentView.swift; sourceTree = "<group>"; };
		A54841562BA63508008BB83A /* Assets.xcassets */ = {isa = PBXFileReference; lastKnownFileType = folder.assetcatalog; path = Assets.xcassets; sourceTree = "<group>"; };
		A54841592BA63508008BB83A /* Preview Assets.xcassets */ = {isa = PBXFileReference; lastKnownFileType = folder.assetcatalog; path = "Preview Assets.xcassets"; sourceTree = "<group>"; };
		A54841602BA63521008BB83A /* ImplicitAnimationView.swift */ = {isa = PBXFileReference; lastKnownFileType = sourcecode.swift; path = ImplicitAnimationView.swift; sourceTree = "<group>"; };
		A54841622BA63650008BB83A /* CustomAnimationView.swift */ = {isa = PBXFileReference; lastKnownFileType = sourcecode.swift; path = CustomAnimationView.swift; sourceTree = "<group>"; };
		A54841642BA6379F008BB83A /* AnimatingOverlayView.swift */ = {isa = PBXFileReference; lastKnownFileType = sourcecode.swift; path = AnimatingOverlayView.swift; sourceTree = "<group>"; };
/* End PBXFileReference section */

/* Begin PBXFrameworksBuildPhase section */
		A548414C2BA63506008BB83A /* Frameworks */ = {
			isa = PBXFrameworksBuildPhase;
			buildActionMask = 2147483647;
			files = (
			);
			runOnlyForDeploymentPostprocessing = 0;
		};
/* End PBXFrameworksBuildPhase section */

/* Begin PBXGroup section */
		A54841462BA63506008BB83A = {
			isa = PBXGroup;
			children = (
				A54841512BA63506008BB83A /* IntroToAnimation */,
				A54841502BA63506008BB83A /* Products */,
			);
			sourceTree = "<group>";
		};
		A54841502BA63506008BB83A /* Products */ = {
			isa = PBXGroup;
			children = (
				A548414F2BA63506008BB83A /* IntroToAnimation.app */,
			);
			name = Products;
			sourceTree = "<group>";
		};
		A54841512BA63506008BB83A /* IntroToAnimation */ = {
			isa = PBXGroup;
			children = (
				A54841522BA63506008BB83A /* IntroToAnimationApp.swift */,
				A54841542BA63506008BB83A /* ContentView.swift */,
				A52FD04E2BA96D2C0078E059 /* AnimationStackView.swift */,
				A519BC6C2BA76B540045880F /* ExplicitAnimationView.swift */,
				A54841602BA63521008BB83A /* ImplicitAnimationView.swift */,
				A54841622BA63650008BB83A /* CustomAnimationView.swift */,
				A54841642BA6379F008BB83A /* AnimatingOverlayView.swift */,
				A54841562BA63508008BB83A /* Assets.xcassets */,
				A54841582BA63508008BB83A /* Preview Content */,
			);
			path = IntroToAnimation;
			sourceTree = "<group>";
		};
		A54841582BA63508008BB83A /* Preview Content */ = {
			isa = PBXGroup;
			children = (
				A54841592BA63508008BB83A /* Preview Assets.xcassets */,
			);
			path = "Preview Content";
			sourceTree = "<group>";
		};
/* End PBXGroup section */

/* Begin PBXNativeTarget section */
		A548414E2BA63506008BB83A /* IntroToAnimation */ = {
			isa = PBXNativeTarget;
			buildConfigurationList = A548415D2BA63508008BB83A /* Build configuration list for PBXNativeTarget "IntroToAnimation" */;
			buildPhases = (
				A548414B2BA63506008BB83A /* Sources */,
				A548414C2BA63506008BB83A /* Frameworks */,
				A548414D2BA63506008BB83A /* Resources */,
			);
			buildRules = (
			);
			dependencies = (
			);
			name = IntroToAnimation;
			productName = IntroToAnimation;
			productReference = A548414F2BA63506008BB83A /* IntroToAnimation.app */;
			productType = "com.apple.product-type.application";
		};
/* End PBXNativeTarget section */

/* Begin PBXProject section */
		A54841472BA63506008BB83A /* Project object */ = {
			isa = PBXProject;
			attributes = {
				BuildIndependentTargetsInParallel = 1;
				LastSwiftUpdateCheck = 1530;
				LastUpgradeCheck = 1530;
				TargetAttributes = {
					A548414E2BA63506008BB83A = {
						CreatedOnToolsVersion = 15.3;
					};
				};
			};
			buildConfigurationList = A548414A2BA63506008BB83A /* Build configuration list for PBXProject "IntroToAnimation" */;
			compatibilityVersion = "Xcode 14.0";
			developmentRegion = en;
			hasScannedForEncodings = 0;
			knownRegions = (
				en,
				Base,
			);
			mainGroup = A54841462BA63506008BB83A;
			productRefGroup = A54841502BA63506008BB83A /* Products */;
			projectDirPath = "";
			projectRoot = "";
			targets = (
				A548414E2BA63506008BB83A /* IntroToAnimation */,
			);
		};
/* End PBXProject section */

/* Begin PBXResourcesBuildPhase section */
		A548414D2BA63506008BB83A /* Resources */ = {
			isa = PBXResourcesBuildPhase;
			buildActionMask = 2147483647;
			files = (
				A548415A2BA63508008BB83A /* Preview Assets.xcassets in Resources */,
				A54841572BA63508008BB83A /* Assets.xcassets in Resources */,
			);
			runOnlyForDeploymentPostprocessing = 0;
		};
/* End PBXResourcesBuildPhase section */

/* Begin PBXSourcesBuildPhase section */
		A548414B2BA63506008BB83A /* Sources */ = {
			isa = PBXSourcesBuildPhase;
			buildActionMask = 2147483647;
			files = (
				A54841612BA63521008BB83A /* ImplicitAnimationView.swift in Sources */,
				A54841552BA63506008BB83A /* ContentView.swift in Sources */,
				A54841632BA63650008BB83A /* CustomAnimationView.swift in Sources */,
				A519BC6D2BA76B540045880F /* ExplicitAnimationView.swift in Sources */,
				A52FD04F2BA96D2C0078E059 /* AnimationStackView.swift in Sources */,
				A54841532BA63506008BB83A /* IntroToAnimationApp.swift in Sources */,
				A54841652BA6379F008BB83A /* AnimatingOverlayView.swift in Sources */,
			);
			runOnlyForDeploymentPostprocessing = 0;
		};
/* End PBXSourcesBuildPhase section */

/* Begin XCBuildConfiguration section */
		A548415B2BA63508008BB83A /* Debug */ = {
			isa = XCBuildConfiguration;
			buildSettings = {
				ALWAYS_SEARCH_USER_PATHS = NO;
				ASSETCATALOG_COMPILER_GENERATE_SWIFT_ASSET_SYMBOL_EXTENSIONS = YES;
				CLANG_ANALYZER_NONNULL = YES;
				CLANG_ANALYZER_NUMBER_OBJECT_CONVERSION = YES_AGGRESSIVE;
				CLANG_CXX_LANGUAGE_STANDARD = "gnu++20";
				CLANG_ENABLE_MODULES = YES;
				CLANG_ENABLE_OBJC_ARC = YES;
				CLANG_ENABLE_OBJC_WEAK = YES;
				CLANG_WARN_BLOCK_CAPTURE_AUTORELEASING = YES;
				CLANG_WARN_BOOL_CONVERSION = YES;
				CLANG_WARN_COMMA = YES;
				CLANG_WARN_CONSTANT_CONVERSION = YES;
				CLANG_WARN_DEPRECATED_OBJC_IMPLEMENTATIONS = YES;
				CLANG_WARN_DIRECT_OBJC_ISA_USAGE = YES_ERROR;
				CLANG_WARN_DOCUMENTATION_COMMENTS = YES;
				CLANG_WARN_EMPTY_BODY = YES;
				CLANG_WARN_ENUM_CONVERSION = YES;
				CLANG_WARN_INFINITE_RECURSION = YES;
				CLANG_WARN_INT_CONVERSION = YES;
				CLANG_WARN_NON_LITERAL_NULL_CONVERSION = YES;
				CLANG_WARN_OBJC_IMPLICIT_RETAIN_SELF = YES;
				CLANG_WARN_OBJC_LITERAL_CONVERSION = YES;
				CLANG_WARN_OBJC_ROOT_CLASS = YES_ERROR;
				CLANG_WARN_QUOTED_INCLUDE_IN_FRAMEWORK_HEADER = YES;
				CLANG_WARN_RANGE_LOOP_ANALYSIS = YES;
				CLANG_WARN_STRICT_PROTOTYPES = YES;
				CLANG_WARN_SUSPICIOUS_MOVE = YES;
				CLANG_WARN_UNGUARDED_AVAILABILITY = YES_AGGRESSIVE;
				CLANG_WARN_UNREACHABLE_CODE = YES;
				CLANG_WARN__DUPLICATE_METHOD_MATCH = YES;
				COPY_PHASE_STRIP = NO;
				DEBUG_INFORMATION_FORMAT = dwarf;
				ENABLE_STRICT_OBJC_MSGSEND = YES;
				ENABLE_TESTABILITY = YES;
				ENABLE_USER_SCRIPT_SANDBOXING = YES;
				GCC_C_LANGUAGE_STANDARD = gnu17;
				GCC_DYNAMIC_NO_PIC = NO;
				GCC_NO_COMMON_BLOCKS = YES;
				GCC_OPTIMIZATION_LEVEL = 0;
				GCC_PREPROCESSOR_DEFINITIONS = (
					"DEBUG=1",
					"$(inherited)",
				);
				GCC_WARN_64_TO_32_BIT_CONVERSION = YES;
				GCC_WARN_ABOUT_RETURN_TYPE = YES_ERROR;
				GCC_WARN_UNDECLARED_SELECTOR = YES;
				GCC_WARN_UNINITIALIZED_AUTOS = YES_AGGRESSIVE;
				GCC_WARN_UNUSED_FUNCTION = YES;
				GCC_WARN_UNUSED_VARIABLE = YES;
				IPHONEOS_DEPLOYMENT_TARGET = 17.4;
				LOCALIZATION_PREFERS_STRING_CATALOGS = YES;
				MTL_ENABLE_DEBUG_INFO = INCLUDE_SOURCE;
				MTL_FAST_MATH = YES;
				ONLY_ACTIVE_ARCH = YES;
				SDKROOT = iphoneos;
				SWIFT_ACTIVE_COMPILATION_CONDITIONS = "DEBUG $(inherited)";
				SWIFT_OPTIMIZATION_LEVEL = "-Onone";
			};
			name = Debug;
		};
		A548415C2BA63508008BB83A /* Release */ = {
			isa = XCBuildConfiguration;
			buildSettings = {
				ALWAYS_SEARCH_USER_PATHS = NO;
				ASSETCATALOG_COMPILER_GENERATE_SWIFT_ASSET_SYMBOL_EXTENSIONS = YES;
				CLANG_ANALYZER_NONNULL = YES;
				CLANG_ANALYZER_NUMBER_OBJECT_CONVERSION = YES_AGGRESSIVE;
				CLANG_CXX_LANGUAGE_STANDARD = "gnu++20";
				CLANG_ENABLE_MODULES = YES;
				CLANG_ENABLE_OBJC_ARC = YES;
				CLANG_ENABLE_OBJC_WEAK = YES;
				CLANG_WARN_BLOCK_CAPTURE_AUTORELEASING = YES;
				CLANG_WARN_BOOL_CONVERSION = YES;
				CLANG_WARN_COMMA = YES;
				CLANG_WARN_CONSTANT_CONVERSION = YES;
				CLANG_WARN_DEPRECATED_OBJC_IMPLEMENTATIONS = YES;
				CLANG_WARN_DIRECT_OBJC_ISA_USAGE = YES_ERROR;
				CLANG_WARN_DOCUMENTATION_COMMENTS = YES;
				CLANG_WARN_EMPTY_BODY = YES;
				CLANG_WARN_ENUM_CONVERSION = YES;
				CLANG_WARN_INFINITE_RECURSION = YES;
				CLANG_WARN_INT_CONVERSION = YES;
				CLANG_WARN_NON_LITERAL_NULL_CONVERSION = YES;
				CLANG_WARN_OBJC_IMPLICIT_RETAIN_SELF = YES;
				CLANG_WARN_OBJC_LITERAL_CONVERSION = YES;
				CLANG_WARN_OBJC_ROOT_CLASS = YES_ERROR;
				CLANG_WARN_QUOTED_INCLUDE_IN_FRAMEWORK_HEADER = YES;
				CLANG_WARN_RANGE_LOOP_ANALYSIS = YES;
				CLANG_WARN_STRICT_PROTOTYPES = YES;
				CLANG_WARN_SUSPICIOUS_MOVE = YES;
				CLANG_WARN_UNGUARDED_AVAILABILITY = YES_AGGRESSIVE;
				CLANG_WARN_UNREACHABLE_CODE = YES;
				CLANG_WARN__DUPLICATE_METHOD_MATCH = YES;
				COPY_PHASE_STRIP = NO;
				DEBUG_INFORMATION_FORMAT = "dwarf-with-dsym";
				ENABLE_NS_ASSERTIONS = NO;
				ENABLE_STRICT_OBJC_MSGSEND = YES;
				ENABLE_USER_SCRIPT_SANDBOXING = YES;
				GCC_C_LANGUAGE_STANDARD = gnu17;
				GCC_NO_COMMON_BLOCKS = YES;
				GCC_WARN_64_TO_32_BIT_CONVERSION = YES;
				GCC_WARN_ABOUT_RETURN_TYPE = YES_ERROR;
				GCC_WARN_UNDECLARED_SELECTOR = YES;
				GCC_WARN_UNINITIALIZED_AUTOS = YES_AGGRESSIVE;
				GCC_WARN_UNUSED_FUNCTION = YES;
				GCC_WARN_UNUSED_VARIABLE = YES;
				IPHONEOS_DEPLOYMENT_TARGET = 17.4;
				LOCALIZATION_PREFERS_STRING_CATALOGS = YES;
				MTL_ENABLE_DEBUG_INFO = NO;
				MTL_FAST_MATH = YES;
				SDKROOT = iphoneos;
				SWIFT_COMPILATION_MODE = wholemodule;
				VALIDATE_PRODUCT = YES;
			};
			name = Release;
		};
		A548415E2BA63508008BB83A /* Debug */ = {
			isa = XCBuildConfiguration;
			buildSettings = {
				ASSETCATALOG_COMPILER_APPICON_NAME = AppIcon;
				ASSETCATALOG_COMPILER_GLOBAL_ACCENT_COLOR_NAME = AccentColor;
				CODE_SIGN_STYLE = Automatic;
				CURRENT_PROJECT_VERSION = 1;
				DEVELOPMENT_ASSET_PATHS = "\"IntroToAnimation/Preview Content\"";
				DEVELOPMENT_TEAM = LMM66LU4TM;
				ENABLE_PREVIEWS = YES;
				GENERATE_INFOPLIST_FILE = YES;
				INFOPLIST_KEY_UIApplicationSceneManifest_Generation = YES;
				INFOPLIST_KEY_UIApplicationSupportsIndirectInputEvents = YES;
				INFOPLIST_KEY_UILaunchScreen_Generation = YES;
				INFOPLIST_KEY_UISupportedInterfaceOrientations_iPad = "UIInterfaceOrientationPortrait UIInterfaceOrientationPortraitUpsideDown UIInterfaceOrientationLandscapeLeft UIInterfaceOrientationLandscapeRight";
				INFOPLIST_KEY_UISupportedInterfaceOrientations_iPhone = "UIInterfaceOrientationPortrait UIInterfaceOrientationLandscapeLeft UIInterfaceOrientationLandscapeRight";
				LD_RUNPATH_SEARCH_PATHS = (
					"$(inherited)",
					"@executable_path/Frameworks",
				);
				MARKETING_VERSION = 1.0;
				PRODUCT_BUNDLE_IDENTIFIER = davidnhuang.IntroToAnimation;
				PRODUCT_NAME = "$(TARGET_NAME)";
				SWIFT_EMIT_LOC_STRINGS = YES;
				SWIFT_VERSION = 5.0;
				TARGETED_DEVICE_FAMILY = "1,2";
			};
			name = Debug;
		};
		A548415F2BA63508008BB83A /* Release */ = {
			isa = XCBuildConfiguration;
			buildSettings = {
				ASSETCATALOG_COMPILER_APPICON_NAME = AppIcon;
				ASSETCATALOG_COMPILER_GLOBAL_ACCENT_COLOR_NAME = AccentColor;
				CODE_SIGN_STYLE = Automatic;
				CURRENT_PROJECT_VERSION = 1;
				DEVELOPMENT_ASSET_PATHS = "\"IntroToAnimation/Preview Content\"";
				DEVELOPMENT_TEAM = LMM66LU4TM;
				ENABLE_PREVIEWS = YES;
				GENERATE_INFOPLIST_FILE = YES;
				INFOPLIST_KEY_UIApplicationSceneManifest_Generation = YES;
				INFOPLIST_KEY_UIApplicationSupportsIndirectInputEvents = YES;
				INFOPLIST_KEY_UILaunchScreen_Generation = YES;
				INFOPLIST_KEY_UISupportedInterfaceOrientations_iPad = "UIInterfaceOrientationPortrait UIInterfaceOrientationPortraitUpsideDown UIInterfaceOrientationLandscapeLeft UIInterfaceOrientationLandscapeRight";
				INFOPLIST_KEY_UISupportedInterfaceOrientations_iPhone = "UIInterfaceOrientationPortrait UIInterfaceOrientationLandscapeLeft UIInterfaceOrientationLandscapeRight";
				LD_RUNPATH_SEARCH_PATHS = (
					"$(inherited)",
					"@executable_path/Frameworks",
				);
				MARKETING_VERSION = 1.0;
				PRODUCT_BUNDLE_IDENTIFIER = davidnhuang.IntroToAnimation;
				PRODUCT_NAME = "$(TARGET_NAME)";
				SWIFT_EMIT_LOC_STRINGS = YES;
				SWIFT_VERSION = 5.0;
				TARGETED_DEVICE_FAMILY = "1,2";
			};
			name = Release;
		};
/* End XCBuildConfiguration section */

/* Begin XCConfigurationList section */
		A548414A2BA63506008BB83A /* Build configuration list for PBXProject "IntroToAnimation" */ = {
			isa = XCConfigurationList;
			buildConfigurations = (
				A548415B2BA63508008BB83A /* Debug */,
				A548415C2BA63508008BB83A /* Release */,
			);
			defaultConfigurationIsVisible = 0;
			defaultConfigurationName = Release;
		};
		A548415D2BA63508008BB83A /* Build configuration list for PBXNativeTarget "IntroToAnimation" */ = {
			isa = XCConfigurationList;
			buildConfigurations = (
				A548415E2BA63508008BB83A /* Debug */,
				A548415F2BA63508008BB83A /* Release */,
			);
			defaultConfigurationIsVisible = 0;
			defaultConfigurationName = Release;
		};
/* End XCConfigurationList section */
	};
	rootObject = A54841472BA63506008BB83A /* Project object */;
}
